
Microsoft Visual Studio Solution File, Format Version 12.00
# Visual Studio Version 17
VisualStudioVersion = 17.2.32616.157
MinimumVisualStudioVersion = 10.0.40219.1
Project("{FAE04EC0-301F-11D3-BF4B-00C04F79EFBC}") = "QuestionNo1", "QuestionNo1.csproj", "{BA7DB597-A031-4F4A-822E-5904F0D05287}"
EndProject
Global
	GlobalSection(SolutionConfigurationPlatforms) = preSolution
		Debug|Any CPU = Debug|Any CPU
		Release|Any CPU = Release|Any CPU
	EndGlobalSection
	GlobalSection(ProjectConfigurationPlatforms) = postSolution
		{BA7DB597-A031-4F4A-822E-5904F0D05287}.Debug|Any CPU.ActiveCfg = Debug|Any CPU
		{BA7DB597-A031-4F4A-822E-5904F0D05287}.Debug|Any CPU.Build.0 = Debug|Any CPU
		{BA7DB597-A031-4F4A-822E-5904F0D05287}.Release|Any CPU.ActiveCfg = Release|Any CPU
		{BA7DB597-A031-4F4A-822E-5904F0D05287}.Release|Any CPU.Build.0 = Release|Any CPU
	EndGlobalSection
	GlobalSection(SolutionProperties) = preSolution
		HideSolutionNode = FALSE
	EndGlobalSection
	GlobalSection(ExtensibilityGlobals) = postSolution
		SolutionGuid = {4FB8681D-AB14-46B4-9D1A-198A0E79E3FA}
	EndGlobalSection
EndGlobal
